// !$*UTF8*$!
{
	archiveVersion = 1;
	classes = {
	};
	objectVersion = 46;
	objects = {

/* Begin PBXBuildFile section */
		63E04E621CE1B5A2007B8468 /* main.m in Sources */ = {isa = PBXBuildFile; fileRef = 63E04E611CE1B5A2007B8468 /* main.m */; };
		63E04E651CE1B5A2007B8468 /* AppDelegate.m in Sources */ = {isa = PBXBuildFile; fileRef = 63E04E641CE1B5A2007B8468 /* AppDelegate.m */; };
		63E04E6B1CE1B5A2007B8468 /* Main.storyboard in Resources */ = {isa = PBXBuildFile; fileRef = 63E04E691CE1B5A2007B8468 /* Main.storyboard */; };
		63E04E6D1CE1B5A2007B8468 /* Assets.xcassets in Resources */ = {isa = PBXBuildFile; fileRef = 63E04E6C1CE1B5A2007B8468 /* Assets.xcassets */; };
		63E04E701CE1B5A2007B8468 /* LaunchScreen.storyboard in Resources */ = {isa = PBXBuildFile; fileRef = 63E04E6E1CE1B5A2007B8468 /* LaunchScreen.storyboard */; };
		63E04E7C1CE1B61C007B8468 /* GamePlatform.m in Sources */ = {isa = PBXBuildFile; fileRef = 63E04E7B1CE1B61C007B8468 /* GamePlatform.m */; };
		63E04E821CE2CFE9007B8468 /* KeepTableView.m in Sources */ = {isa = PBXBuildFile; fileRef = 63E04E811CE2CFE9007B8468 /* KeepTableView.m */; };
/* End PBXBuildFile section */

/* Begin PBXFileReference section */
		63E04E5D1CE1B5A2007B8468 /* Game.app */ = {isa = PBXFileReference; explicitFileType = wrapper.application; includeInIndex = 0; path = Game.app; sourceTree = BUILT_PRODUCTS_DIR; };
		63E04E611CE1B5A2007B8468 /* main.m */ = {isa = PBXFileReference; lastKnownFileType = sourcecode.c.objc; path = main.m; sourceTree = "<group>"; };
		63E04E631CE1B5A2007B8468 /* AppDelegate.h */ = {isa = PBXFileReference; lastKnownFileType = sourcecode.c.h; path = AppDelegate.h; sourceTree = "<group>"; };
		63E04E641CE1B5A2007B8468 /* AppDelegate.m */ = {isa = PBXFileReference; lastKnownFileType = sourcecode.c.objc; path = AppDelegate.m; sourceTree = "<group>"; };
		63E04E6A1CE1B5A2007B8468 /* Base */ = {isa = PBXFileReference; lastKnownFileType = file.storyboard; name = Base; path = Base.lproj/Main.storyboard; sourceTree = "<group>"; };
		63E04E6C1CE1B5A2007B8468 /* Assets.xcassets */ = {isa = PBXFileReference; lastKnownFileType = folder.assetcatalog; path = Assets.xcassets; sourceTree = "<group>"; };
		63E04E6F1CE1B5A2007B8468 /* Base */ = {isa = PBXFileReference; lastKnownFileType = file.storyboard; name = Base; path = Base.lproj/LaunchScreen.storyboard; sourceTree = "<group>"; };
		63E04E711CE1B5A2007B8468 /* Info.plist */ = {isa = PBXFileReference; lastKnownFileType = text.plist.xml; path = Info.plist; sourceTree = "<group>"; };
		63E04E7A1CE1B61C007B8468 /* GamePlatform.h */ = {isa = PBXFileReference; fileEncoding = 4; lastKnownFileType = sourcecode.c.h; path = GamePlatform.h; sourceTree = "<group>"; };
		63E04E7B1CE1B61C007B8468 /* GamePlatform.m */ = {isa = PBXFileReference; fileEncoding = 4; lastKnownFileType = sourcecode.c.objc; path = GamePlatform.m; sourceTree = "<group>"; };
		63E04E801CE2CFE9007B8468 /* KeepTableView.h */ = {isa = PBXFileReference; fileEncoding = 4; lastKnownFileType = sourcecode.c.h; path = KeepTableView.h; sourceTree = "<group>"; };
		63E04E811CE2CFE9007B8468 /* KeepTableView.m */ = {isa = PBXFileReference; fileEncoding = 4; lastKnownFileType = sourcecode.c.objc; path = KeepTableView.m; sourceTree = "<group>"; };
/* End PBXFileReference section */

/* Begin PBXFrameworksBuildPhase section */
		63E04E5A1CE1B5A2007B8468 /* Frameworks */ = {
			isa = PBXFrameworksBuildPhase;
			buildActionMask = 2147483647;
			files = (
			);
			runOnlyForDeploymentPostprocessing = 0;
		};
/* End PBXFrameworksBuildPhase section */

/* Begin PBXGroup section */
		63E04E541CE1B5A2007B8468 = {
			isa = PBXGroup;
			children = (
				63E04E7A1CE1B61C007B8468 /* GamePlatform.h */,
				63E04E7B1CE1B61C007B8468 /* GamePlatform.m */,
				63E04E5F1CE1B5A2007B8468 /* Game */,
				63E04E5E1CE1B5A2007B8468 /* Products */,
			);
			sourceTree = "<group>";
		};
		63E04E5E1CE1B5A2007B8468 /* Products */ = {
			isa = PBXGroup;
			children = (
				63E04E5D1CE1B5A2007B8468 /* Game.app */,
			);
			name = Products;
			sourceTree = "<group>";
		};
		63E04E5F1CE1B5A2007B8468 /* Game */ = {
			isa = PBXGroup;
			children = (
				63E04E631CE1B5A2007B8468 /* AppDelegate.h */,
				63E04E641CE1B5A2007B8468 /* AppDelegate.m */,
				63E04E691CE1B5A2007B8468 /* Main.storyboard */,
				63E04E801CE2CFE9007B8468 /* KeepTableView.h */,
				63E04E811CE2CFE9007B8468 /* KeepTableView.m */,
				63E04E6C1CE1B5A2007B8468 /* Assets.xcassets */,
				63E04E6E1CE1B5A2007B8468 /* LaunchScreen.storyboard */,
				63E04E711CE1B5A2007B8468 /* Info.plist */,
				63E04E601CE1B5A2007B8468 /* Supporting Files */,
			);
			path = Game;
			sourceTree = "<group>";
		};
		63E04E601CE1B5A2007B8468 /* Supporting Files */ = {
			isa = PBXGroup;
			children = (
				63E04E611CE1B5A2007B8468 /* main.m */,
			);
			name = "Supporting Files";
			sourceTree = "<group>";
		};
/* End PBXGroup section */

/* Begin PBXNativeTarget section */
		63E04E5C1CE1B5A2007B8468 /* Game */ = {
			isa = PBXNativeTarget;
			buildConfigurationList = 63E04E741CE1B5A2007B8468 /* Build configuration list for PBXNativeTarget "Game" */;
			buildPhases = (
				63E04E591CE1B5A2007B8468 /* Sources */,
				63E04E5A1CE1B5A2007B8468 /* Frameworks */,
				63E04E5B1CE1B5A2007B8468 /* Resources */,
			);
			buildRules = (
			);
			dependencies = (
			);
			name = Game;
			productName = Game;
			productReference = 63E04E5D1CE1B5A2007B8468 /* Game.app */;
			productType = "com.apple.product-type.application";
		};
/* End PBXNativeTarget section */

/* Begin PBXProject section */
		63E04E551CE1B5A2007B8468 /* Project object */ = {
			isa = PBXProject;
			attributes = {
				LastUpgradeCheck = 0730;
				ORGANIZATIONNAME = "Joe Chen";
				TargetAttributes = {
					63E04E5C1CE1B5A2007B8468 = {
						CreatedOnToolsVersion = 7.3;
					};
				};
			};
			buildConfigurationList = 63E04E581CE1B5A2007B8468 /* Build configuration list for PBXProject "Game" */;
			compatibilityVersion = "Xcode 3.2";
			developmentRegion = English;
			hasScannedForEncodings = 0;
			knownRegions = (
				en,
				Base,
			);
			mainGroup = 63E04E541CE1B5A2007B8468;
			productRefGroup = 63E04E5E1CE1B5A2007B8468 /* Products */;
			projectDirPath = "";
			projectRoot = "";
			targets = (
				63E04E5C1CE1B5A2007B8468 /* Game */,
			);
		};
/* End PBXProject section */

/* Begin PBXResourcesBuildPhase section */
		63E04E5B1CE1B5A2007B8468 /* Resources */ = {
			isa = PBXResourcesBuildPhase;
			buildActionMask = 2147483647;
			files = (
				63E04E701CE1B5A2007B8468 /* LaunchScreen.storyboard in Resources */,
				63E04E6D1CE1B5A2007B8468 /* Assets.xcassets in Resources */,
				63E04E6B1CE1B5A2007B8468 /* Main.storyboard in Resources */,
			);
			runOnlyForDeploymentPostprocessing = 0;
		};
/* End PBXResourcesBuildPhase section */

/* Begin PBXSourcesBuildPhase section */
		63E04E591CE1B5A2007B8468 /* Sources */ = {
			isa = PBXSourcesBuildPhase;
			buildActionMask = 2147483647;
			files = (
				63E04E651CE1B5A2007B8468 /* AppDelegate.m in Sources */,
				63E04E7C1CE1B61C007B8468 /* GamePlatform.m in Sources */,
				63E04E821CE2CFE9007B8468 /* KeepTableView.m in Sources */,
				63E04E621CE1B5A2007B8468 /* main.m in Sources */,
			);
			runOnlyForDeploymentPostprocessing = 0;
		};
/* End PBXSourcesBuildPhase section */

/* Begin PBXVariantGroup section */
		63E04E691CE1B5A2007B8468 /* Main.storyboard */ = {
			isa = PBXVariantGroup;
			children = (
				63E04E6A1CE1B5A2007B8468 /* Base */,
			);
			name = Main.storyboard;
			sourceTree = "<group>";
		};
		63E04E6E1CE1B5A2007B8468 /* LaunchScreen.storyboard */ = {
			isa = PBXVariantGroup;
			children = (
				63E04E6F1CE1B5A2007B8468 /* Base */,
			);
			name = LaunchScreen.storyboard;
			sourceTree = "<group>";
		};
/* End PBXVariantGroup section */

/* Begin XCBuildConfiguration section */
		63E04E721CE1B5A2007B8468 /* Debug */ = {
			isa = XCBuildConfiguration;
			buildSettings = {
				ALWAYS_SEARCH_USER_PATHS = NO;
				CLANG_ANALYZER_NONNULL = YES;
				CLANG_CXX_LANGUAGE_STANDARD = "gnu++0x";
				CLANG_CXX_LIBRARY = "libc++";
				CLANG_ENABLE_MODULES = YES;
				CLANG_ENABLE_OBJC_ARC = YES;
				CLANG_WARN_BOOL_CONVERSION = YES;
				CLANG_WARN_CONSTANT_CONVERSION = YES;
				CLANG_WARN_DIRECT_OBJC_ISA_USAGE = YES_ERROR;
				CLANG_WARN_EMPTY_BODY = YES;
				CLANG_WARN_ENUM_CONVERSION = YES;
				CLANG_WARN_INT_CONVERSION = YES;
				CLANG_WARN_OBJC_ROOT_CLASS = YES_ERROR;
				CLANG_WARN_UNREACHABLE_CODE = YES;
				CLANG_WARN__DUPLICATE_METHOD_MATCH = YES;
				"CODE_SIGN_IDENTITY[sdk=iphoneos*]" = "iPhone Developer";
				COPY_PHASE_STRIP = NO;
				DEBUG_INFORMATION_FORMAT = dwarf;
				ENABLE_STRICT_OBJC_MSGSEND = YES;
				ENABLE_TESTABILITY = YES;
				GCC_C_LANGUAGE_STANDARD = gnu99;
				GCC_DYNAMIC_NO_PIC = NO;
				GCC_NO_COMMON_BLOCKS = YES;
				GCC_OPTIMIZATION_LEVEL = 0;
				GCC_PREPROCESSOR_DEFINITIONS = (
					"DEBUG=1",
					"$(inherited)",
				);
				GCC_WARN_64_TO_32_BIT_CONVERSION = YES;
				GCC_WARN_ABOUT_RETURN_TYPE = YES_ERROR;
				GCC_WARN_UNDECLARED_SELECTOR = YES;
				GCC_WARN_UNINITIALIZED_AUTOS = YES_AGGRESSIVE;
				GCC_WARN_UNUSED_FUNCTION = YES;
				GCC_WARN_UNUSED_VARIABLE = YES;
				IPHONEOS_DEPLOYMENT_TARGET = 9.3;
				MTL_ENABLE_DEBUG_INFO = YES;
				ONLY_ACTIVE_ARCH = YES;
				SDKROOT = iphoneos;
			};
			name = Debug;
		};
		63E04E731CE1B5A2007B8468 /* Release */ = {
			isa = XCBuildConfiguration;
			buildSettings = {
				ALWAYS_SEARCH_USER_PATHS = NO;
				CLANG_ANALYZER_NONNULL = YES;
				CLANG_CXX_LANGUAGE_STANDARD = "gnu++0x";
				CLANG_CXX_LIBRARY = "libc++";
				CLANG_ENABLE_MODULES = YES;
				CLANG_ENABLE_OBJC_ARC = YES;
				CLANG_WARN_BOOL_CONVERSION = YES;
				CLANG_WARN_CONSTANT_CONVERSION = YES;
				CLANG_WARN_DIRECT_OBJC_ISA_USAGE = YES_ERROR;
				CLANG_WARN_EMPTY_BODY = YES;
				CLANG_WARN_ENUM_CONVERSION = YES;
				CLANG_WARN_INT_CONVERSION = YES;
				CLANG_WARN_OBJC_ROOT_CLASS = YES_ERROR;
				CLANG_WARN_UNREACHABLE_CODE = YES;
				CLANG_WARN__DUPLICATE_METHOD_MATCH = YES;
				"CODE_SIGN_IDENTITY[sdk=iphoneos*]" = "iPhone Developer";
				COPY_PHASE_STRIP = NO;
				DEBUG_INFORMATION_FORMAT = "dwarf-with-dsym";
				ENABLE_NS_ASSERTIONS = NO;
				ENABLE_STRICT_OBJC_MSGSEND = YES;
				GCC_C_LANGUAGE_STANDARD = gnu99;
				GCC_NO_COMMON_BLOCKS = YES;
				GCC_WARN_64_TO_32_BIT_CONVERSION = YES;
				GCC_WARN_ABOUT_RETURN_TYPE = YES_ERROR;
				GCC_WARN_UNDECLARED_SELECTOR = YES;
				GCC_WARN_UNINITIALIZED_AUTOS = YES_AGGRESSIVE;
				GCC_WARN_UNUSED_FUNCTION = YES;
				GCC_WARN_UNUSED_VARIABLE = YES;
				IPHONEOS_DEPLOYMENT_TARGET = 9.3;
				MTL_ENABLE_DEBUG_INFO = NO;
				SDKROOT = iphoneos;
				VALIDATE_PRODUCT = YES;
			};
			name = Release;
		};
		63E04E751CE1B5A2007B8468 /* Debug */ = {
			isa = XCBuildConfiguration;
			buildSettings = {
				ASSETCATALOG_COMPILER_APPICON_NAME = AppIcon;
				INFOPLIST_FILE = Game/Info.plist;
				LD_RUNPATH_SEARCH_PATHS = "$(inherited) @executable_path/Frameworks";
				PRODUCT_BUNDLE_IDENTIFIER = com.joe.Game;
				PRODUCT_NAME = "$(TARGET_NAME)";
			};
			name = Debug;
		};
		63E04E761CE1B5A2007B8468 /* Release */ = {
			isa = XCBuildConfiguration;
			buildSettings = {
				ASSETCATALOG_COMPILER_APPICON_NAME = AppIcon;
				INFOPLIST_FILE = Game/Info.plist;
				LD_RUNPATH_SEARCH_PATHS = "$(inherited) @executable_path/Frameworks";
				PRODUCT_BUNDLE_IDENTIFIER = com.joe.Game;
				PRODUCT_NAME = "$(TARGET_NAME)";
			};
			name = Release;
		};
/* End XCBuildConfiguration section */

/* Begin XCConfigurationList section */
		63E04E581CE1B5A2007B8468 /* Build configuration list for PBXProject "Game" */ = {
			isa = XCConfigurationList;
			buildConfigurations = (
				63E04E721CE1B5A2007B8468 /* Debug */,
				63E04E731CE1B5A2007B8468 /* Release */,
			);
			defaultConfigurationIsVisible = 0;
			defaultConfigurationName = Release;
		};
		63E04E741CE1B5A2007B8468 /* Build configuration list for PBXNativeTarget "Game" */ = {
			isa = XCConfigurationList;
			buildConfigurations = (
				63E04E751CE1B5A2007B8468 /* Debug */,
				63E04E761CE1B5A2007B8468 /* Release */,
			);
			defaultConfigurationIsVisible = 0;
			defaultConfigurationName = Release;
		};
/* End XCConfigurationList section */
	};
	rootObject = 63E04E551CE1B5A2007B8468 /* Project object */;
}
